
Microsoft Visual Studio Solution File, Format Version 12.00
# Visual Studio Version 17
VisualStudioVersion = 17.5.33502.453
MinimumVisualStudioVersion = 10.0.40219.1
Project("{9A19103F-16F7-4668-BE54-9A1E7A4F7556}") = "Structor.Net", "Structor.Net.Core\Structor.Net.csproj", "{D889128D-83EE-4D35-A781-67A3AB8EDAAF}"
EndProject
Global
	GlobalSection(SolutionConfigurationPlatforms) = preSolution
		Debug|Any CPU = Debug|Any CPU
		Release|Any CPU = Release|Any CPU
	EndGlobalSection
	GlobalSection(ProjectConfigurationPlatforms) = postSolution
		{D889128D-83EE-4D35-A781-67A3AB8EDAAF}.Debug|Any CPU.ActiveCfg = Debug|Any CPU
		{D889128D-83EE-4D35-A781-67A3AB8EDAAF}.Debug|Any CPU.Build.0 = Debug|Any CPU
		{D889128D-83EE-4D35-A781-67A3AB8EDAAF}.Release|Any CPU.ActiveCfg = Release|Any CPU
		{D889128D-83EE-4D35-A781-67A3AB8EDAAF}.Release|Any CPU.Build.0 = Release|Any CPU
	EndGlobalSection
	GlobalSection(SolutionProperties) = preSolution
		HideSolutionNode = FALSE
	EndGlobalSection
	GlobalSection(ExtensibilityGlobals) = postSolution
		SolutionGuid = {7B860338-FF00-4EAE-87FE-D389B2913ACC}
	EndGlobalSection
EndGlobal
