
Microsoft Visual Studio Solution File, Format Version 12.00
# Visual Studio Version 17
VisualStudioVersion = 17.5.33502.453
MinimumVisualStudioVersion = 10.0.40219.1
Project("{FAE04EC0-301F-11D3-BF4B-00C04F79EFBC}") = "Structor", "Structor\Structor.csproj", "{03186D28-0CC6-499D-BDD9-1CA44CDB588F}"
EndProject
Global
	GlobalSection(SolutionConfigurationPlatforms) = preSolution
		Debug|Any CPU = Debug|Any CPU
		Release|Any CPU = Release|Any CPU
	EndGlobalSection
	GlobalSection(ProjectConfigurationPlatforms) = postSolution
		{03186D28-0CC6-499D-BDD9-1CA44CDB588F}.Debug|Any CPU.ActiveCfg = Debug|Any CPU
		{03186D28-0CC6-499D-BDD9-1CA44CDB588F}.Debug|Any CPU.Build.0 = Debug|Any CPU
		{03186D28-0CC6-499D-BDD9-1CA44CDB588F}.Release|Any CPU.ActiveCfg = Release|Any CPU
		{03186D28-0CC6-499D-BDD9-1CA44CDB588F}.Release|Any CPU.Build.0 = Release|Any CPU
	EndGlobalSection
	GlobalSection(SolutionProperties) = preSolution
		HideSolutionNode = FALSE
	EndGlobalSection
	GlobalSection(ExtensibilityGlobals) = postSolution
		SolutionGuid = {37DE61D1-AC3A-4D59-8A9F-821796715D1C}
	EndGlobalSection
EndGlobal
